// !$*UTF8*$!
{
	archiveVersion = 1;
	classes = {
	};
	objectVersion = 46;
	objects = {

/* Begin PBXBuildFile section */
		B64013B4198F33B8004BC0B5 /* Foundation.framework in Frameworks */ = {isa = PBXBuildFile; fileRef = B64013B3198F33B8004BC0B5 /* Foundation.framework */; };
		B64013B6198F33B8004BC0B5 /* CoreGraphics.framework in Frameworks */ = {isa = PBXBuildFile; fileRef = B64013B5198F33B8004BC0B5 /* CoreGraphics.framework */; };
		B64013B8198F33B8004BC0B5 /* UIKit.framework in Frameworks */ = {isa = PBXBuildFile; fileRef = B64013B7198F33B8004BC0B5 /* UIKit.framework */; };
		B64013BE198F33B8004BC0B5 /* InfoPlist.strings in Resources */ = {isa = PBXBuildFile; fileRef = B64013BC198F33B8004BC0B5 /* InfoPlist.strings */; };
		B64013C0198F33B8004BC0B5 /* main.m in Sources */ = {isa = PBXBuildFile; fileRef = B64013BF198F33B8004BC0B5 /* main.m */; };
		B64013C4198F33B8004BC0B5 /* AppDelegate.m in Sources */ = {isa = PBXBuildFile; fileRef = B64013C3198F33B8004BC0B5 /* AppDelegate.m */; };
		B64013C6198F33B8004BC0B5 /* Images.xcassets in Resources */ = {isa = PBXBuildFile; fileRef = B64013C5198F33B8004BC0B5 /* Images.xcassets */; };
		B64013CD198F33B8004BC0B5 /* XCTest.framework in Frameworks */ = {isa = PBXBuildFile; fileRef = B64013CC198F33B8004BC0B5 /* XCTest.framework */; };
		B64013CE198F33B8004BC0B5 /* Foundation.framework in Frameworks */ = {isa = PBXBuildFile; fileRef = B64013B3198F33B8004BC0B5 /* Foundation.framework */; };
		B64013CF198F33B8004BC0B5 /* UIKit.framework in Frameworks */ = {isa = PBXBuildFile; fileRef = B64013B7198F33B8004BC0B5 /* UIKit.framework */; };
		B64013D7198F33B8004BC0B5 /* InfoPlist.strings in Resources */ = {isa = PBXBuildFile; fileRef = B64013D5198F33B8004BC0B5 /* InfoPlist.strings */; };
		B64013D9198F33B8004BC0B5 /* crmDemoTests.m in Sources */ = {isa = PBXBuildFile; fileRef = B64013D8198F33B8004BC0B5 /* crmDemoTests.m */; };
		B64013E4198F33DD004BC0B5 /* FirstViewController.m in Sources */ = {isa = PBXBuildFile; fileRef = B64013E3198F33DD004BC0B5 /* FirstViewController.m */; };
		B64013FB198F341C004BC0B5 /* JSObjectFactory.m in Sources */ = {isa = PBXBuildFile; fileRef = B64013E7198F341C004BC0B5 /* JSObjectFactory.m */; };
		B64013FC198F341C004BC0B5 /* JSObjection.m in Sources */ = {isa = PBXBuildFile; fileRef = B64013E9198F341C004BC0B5 /* JSObjection.m */; };
		B64013FD198F341C004BC0B5 /* JSObjectionBindingEntry.m in Sources */ = {isa = PBXBuildFile; fileRef = B64013EB198F341C004BC0B5 /* JSObjectionBindingEntry.m */; };
		B64013FE198F341C004BC0B5 /* JSObjectionEntry.m in Sources */ = {isa = PBXBuildFile; fileRef = B64013ED198F341C004BC0B5 /* JSObjectionEntry.m */; };
		B64013FF198F341C004BC0B5 /* JSObjectionInjector.m in Sources */ = {isa = PBXBuildFile; fileRef = B64013EF198F341C004BC0B5 /* JSObjectionInjector.m */; };
		B6401400198F341C004BC0B5 /* JSObjectionInjectorEntry.m in Sources */ = {isa = PBXBuildFile; fileRef = B64013F1198F341C004BC0B5 /* JSObjectionInjectorEntry.m */; };
		B6401401198F341C004BC0B5 /* JSObjectionModule.m in Sources */ = {isa = PBXBuildFile; fileRef = B64013F3198F341C004BC0B5 /* JSObjectionModule.m */; };
		B6401402198F341C004BC0B5 /* JSObjectionProviderEntry.m in Sources */ = {isa = PBXBuildFile; fileRef = B64013F5198F341C004BC0B5 /* JSObjectionProviderEntry.m */; };
		B6401403198F341C004BC0B5 /* JSObjectionUtils.m in Sources */ = {isa = PBXBuildFile; fileRef = B64013F7198F341C004BC0B5 /* JSObjectionUtils.m */; };
		B6401404198F341C004BC0B5 /* NSObject+Objection.m in Sources */ = {isa = PBXBuildFile; fileRef = B64013F9198F341C004BC0B5 /* NSObject+Objection.m */; };
		B6401409198F35BB004BC0B5 /* FirstModule.m in Sources */ = {isa = PBXBuildFile; fileRef = B6401408198F35BB004BC0B5 /* FirstModule.m */; };
		B64016C6198F8F0E004BC0B5 /* Foundation.framework in Frameworks */ = {isa = PBXBuildFile; fileRef = B64013B3198F33B8004BC0B5 /* Foundation.framework */; };
		B64016CB198F8F0E004BC0B5 /* crmDemoStaticLibery.h in CopyFiles */ = {isa = PBXBuildFile; fileRef = B64016CA198F8F0E004BC0B5 /* crmDemoStaticLibery.h */; };
		B64016CD198F8F0E004BC0B5 /* crmDemoStaticLibery.m in Sources */ = {isa = PBXBuildFile; fileRef = B64016CC198F8F0E004BC0B5 /* crmDemoStaticLibery.m */; };
		B64016D3198F8F0E004BC0B5 /* XCTest.framework in Frameworks */ = {isa = PBXBuildFile; fileRef = B64013CC198F33B8004BC0B5 /* XCTest.framework */; };
		B64016D4198F8F0E004BC0B5 /* Foundation.framework in Frameworks */ = {isa = PBXBuildFile; fileRef = B64013B3198F33B8004BC0B5 /* Foundation.framework */; };
		B64016D5198F8F0E004BC0B5 /* UIKit.framework in Frameworks */ = {isa = PBXBuildFile; fileRef = B64013B7198F33B8004BC0B5 /* UIKit.framework */; };
		B64016D8198F8F0E004BC0B5 /* libcrmDemoStaticLibery.a in Frameworks */ = {isa = PBXBuildFile; fileRef = B64016C5198F8F0E004BC0B5 /* libcrmDemoStaticLibery.a */; };
		B64016DE198F8F0E004BC0B5 /* InfoPlist.strings in Resources */ = {isa = PBXBuildFile; fileRef = B64016DC198F8F0E004BC0B5 /* InfoPlist.strings */; };
		B64016E0198F8F0E004BC0B5 /* crmDemoStaticLiberyTests.m in Sources */ = {isa = PBXBuildFile; fileRef = B64016DF198F8F0E004BC0B5 /* crmDemoStaticLiberyTests.m */; };
		B65B0729199B843D009A417C /* libminxingAPI.a in Frameworks */ = {isa = PBXBuildFile; fileRef = B65B0727199B843D009A417C /* libminxingAPI.a */; };
/* End PBXBuildFile section */

/* Begin PBXContainerItemProxy section */
		B64013D0198F33B8004BC0B5 /* PBXContainerItemProxy */ = {
			isa = PBXContainerItemProxy;
			containerPortal = B64013A8198F33B8004BC0B5 /* Project object */;
			proxyType = 1;
			remoteGlobalIDString = B64013AF198F33B8004BC0B5;
			remoteInfo = crmDemo;
		};
		B64016D6198F8F0E004BC0B5 /* PBXContainerItemProxy */ = {
			isa = PBXContainerItemProxy;
			containerPortal = B64013A8198F33B8004BC0B5 /* Project object */;
			proxyType = 1;
			remoteGlobalIDString = B64016C4198F8F0E004BC0B5;
			remoteInfo = crmDemoStaticLibery;
		};
/* End PBXContainerItemProxy section */

/* Begin PBXCopyFilesBuildPhase section */
		B64016C3198F8F0E004BC0B5 /* CopyFiles */ = {
			isa = PBXCopyFilesBuildPhase;
			buildActionMask = 2147483647;
			dstPath = "include/$(PRODUCT_NAME)";
			dstSubfolderSpec = 16;
			files = (
				B64016CB198F8F0E004BC0B5 /* crmDemoStaticLibery.h in CopyFiles */,
			);
			runOnlyForDeploymentPostprocessing = 0;
		};
/* End PBXCopyFilesBuildPhase section */

/* Begin PBXFileReference section */
		B64013B0198F33B8004BC0B5 /* crmDemo.app */ = {isa = PBXFileReference; explicitFileType = wrapper.application; includeInIndex = 0; path = crmDemo.app; sourceTree = BUILT_PRODUCTS_DIR; };
		B64013B3198F33B8004BC0B5 /* Foundation.framework */ = {isa = PBXFileReference; lastKnownFileType = wrapper.framework; name = Foundation.framework; path = System/Library/Frameworks/Foundation.framework; sourceTree = SDKROOT; };
		B64013B5198F33B8004BC0B5 /* CoreGraphics.framework */ = {isa = PBXFileReference; lastKnownFileType = wrapper.framework; name = CoreGraphics.framework; path = System/Library/Frameworks/CoreGraphics.framework; sourceTree = SDKROOT; };
		B64013B7198F33B8004BC0B5 /* UIKit.framework */ = {isa = PBXFileReference; lastKnownFileType = wrapper.framework; name = UIKit.framework; path = System/Library/Frameworks/UIKit.framework; sourceTree = SDKROOT; };
		B64013BB198F33B8004BC0B5 /* crmDemo-Info.plist */ = {isa = PBXFileReference; lastKnownFileType = text.plist.xml; path = "crmDemo-Info.plist"; sourceTree = "<group>"; };
		B64013BD198F33B8004BC0B5 /* en */ = {isa = PBXFileReference; lastKnownFileType = text.plist.strings; name = en; path = en.lproj/InfoPlist.strings; sourceTree = "<group>"; };
		B64013BF198F33B8004BC0B5 /* main.m */ = {isa = PBXFileReference; lastKnownFileType = sourcecode.c.objc; path = main.m; sourceTree = "<group>"; };
		B64013C1198F33B8004BC0B5 /* crmDemo-Prefix.pch */ = {isa = PBXFileReference; lastKnownFileType = sourcecode.c.h; path = "crmDemo-Prefix.pch"; sourceTree = "<group>"; };
		B64013C2198F33B8004BC0B5 /* AppDelegate.h */ = {isa = PBXFileReference; lastKnownFileType = sourcecode.c.h; path = AppDelegate.h; sourceTree = "<group>"; };
		B64013C3198F33B8004BC0B5 /* AppDelegate.m */ = {isa = PBXFileReference; lastKnownFileType = sourcecode.c.objc; path = AppDelegate.m; sourceTree = "<group>"; };
		B64013C5198F33B8004BC0B5 /* Images.xcassets */ = {isa = PBXFileReference; lastKnownFileType = folder.assetcatalog; path = Images.xcassets; sourceTree = "<group>"; };
		B64013CB198F33B8004BC0B5 /* crmDemoTests.xctest */ = {isa = PBXFileReference; explicitFileType = wrapper.cfbundle; includeInIndex = 0; path = crmDemoTests.xctest; sourceTree = BUILT_PRODUCTS_DIR; };
		B64013CC198F33B8004BC0B5 /* XCTest.framework */ = {isa = PBXFileReference; lastKnownFileType = wrapper.framework; name = XCTest.framework; path = Library/Frameworks/XCTest.framework; sourceTree = DEVELOPER_DIR; };
		B64013D4198F33B8004BC0B5 /* crmDemoTests-Info.plist */ = {isa = PBXFileReference; lastKnownFileType = text.plist.xml; path = "crmDemoTests-Info.plist"; sourceTree = "<group>"; };
		B64013D6198F33B8004BC0B5 /* en */ = {isa = PBXFileReference; lastKnownFileType = text.plist.strings; name = en; path = en.lproj/InfoPlist.strings; sourceTree = "<group>"; };
		B64013D8198F33B8004BC0B5 /* crmDemoTests.m */ = {isa = PBXFileReference; lastKnownFileType = sourcecode.c.objc; path = crmDemoTests.m; sourceTree = "<group>"; };
		B64013E2198F33DD004BC0B5 /* FirstViewController.h */ = {isa = PBXFileReference; fileEncoding = 4; lastKnownFileType = sourcecode.c.h; path = FirstViewController.h; sourceTree = "<group>"; };
		B64013E3198F33DD004BC0B5 /* FirstViewController.m */ = {isa = PBXFileReference; fileEncoding = 4; lastKnownFileType = sourcecode.c.objc; path = FirstViewController.m; sourceTree = "<group>"; };
		B64013E6198F341C004BC0B5 /* JSObjectFactory.h */ = {isa = PBXFileReference; fileEncoding = 4; lastKnownFileType = sourcecode.c.h; path = JSObjectFactory.h; sourceTree = "<group>"; };
		B64013E7198F341C004BC0B5 /* JSObjectFactory.m */ = {isa = PBXFileReference; fileEncoding = 4; lastKnownFileType = sourcecode.c.objc; path = JSObjectFactory.m; sourceTree = "<group>"; };
		B64013E8198F341C004BC0B5 /* JSObjection.h */ = {isa = PBXFileReference; fileEncoding = 4; lastKnownFileType = sourcecode.c.h; path = JSObjection.h; sourceTree = "<group>"; };
		B64013E9198F341C004BC0B5 /* JSObjection.m */ = {isa = PBXFileReference; fileEncoding = 4; lastKnownFileType = sourcecode.c.objc; path = JSObjection.m; sourceTree = "<group>"; };
		B64013EA198F341C004BC0B5 /* JSObjectionBindingEntry.h */ = {isa = PBXFileReference; fileEncoding = 4; lastKnownFileType = sourcecode.c.h; path = JSObjectionBindingEntry.h; sourceTree = "<group>"; };
		B64013EB198F341C004BC0B5 /* JSObjectionBindingEntry.m */ = {isa = PBXFileReference; fileEncoding = 4; lastKnownFileType = sourcecode.c.objc; path = JSObjectionBindingEntry.m; sourceTree = "<group>"; };
		B64013EC198F341C004BC0B5 /* JSObjectionEntry.h */ = {isa = PBXFileReference; fileEncoding = 4; lastKnownFileType = sourcecode.c.h; path = JSObjectionEntry.h; sourceTree = "<group>"; };
		B64013ED198F341C004BC0B5 /* JSObjectionEntry.m */ = {isa = PBXFileReference; fileEncoding = 4; lastKnownFileType = sourcecode.c.objc; path = JSObjectionEntry.m; sourceTree = "<group>"; };
		B64013EE198F341C004BC0B5 /* JSObjectionInjector.h */ = {isa = PBXFileReference; fileEncoding = 4; lastKnownFileType = sourcecode.c.h; path = JSObjectionInjector.h; sourceTree = "<group>"; };
		B64013EF198F341C004BC0B5 /* JSObjectionInjector.m */ = {isa = PBXFileReference; fileEncoding = 4; lastKnownFileType = sourcecode.c.objc; path = JSObjectionInjector.m; sourceTree = "<group>"; };
		B64013F0198F341C004BC0B5 /* JSObjectionInjectorEntry.h */ = {isa = PBXFileReference; fileEncoding = 4; lastKnownFileType = sourcecode.c.h; path = JSObjectionInjectorEntry.h; sourceTree = "<group>"; };
		B64013F1198F341C004BC0B5 /* JSObjectionInjectorEntry.m */ = {isa = PBXFileReference; fileEncoding = 4; lastKnownFileType = sourcecode.c.objc; path = JSObjectionInjectorEntry.m; sourceTree = "<group>"; };
		B64013F2198F341C004BC0B5 /* JSObjectionModule.h */ = {isa = PBXFileReference; fileEncoding = 4; lastKnownFileType = sourcecode.c.h; path = JSObjectionModule.h; sourceTree = "<group>"; };
		B64013F3198F341C004BC0B5 /* JSObjectionModule.m */ = {isa = PBXFileReference; fileEncoding = 4; lastKnownFileType = sourcecode.c.objc; path = JSObjectionModule.m; sourceTree = "<group>"; };
		B64013F4198F341C004BC0B5 /* JSObjectionProviderEntry.h */ = {isa = PBXFileReference; fileEncoding = 4; lastKnownFileType = sourcecode.c.h; path = JSObjectionProviderEntry.h; sourceTree = "<group>"; };
		B64013F5198F341C004BC0B5 /* JSObjectionProviderEntry.m */ = {isa = PBXFileReference; fileEncoding = 4; lastKnownFileType = sourcecode.c.objc; path = JSObjectionProviderEntry.m; sourceTree = "<group>"; };
		B64013F6198F341C004BC0B5 /* JSObjectionUtils.h */ = {isa = PBXFileReference; fileEncoding = 4; lastKnownFileType = sourcecode.c.h; path = JSObjectionUtils.h; sourceTree = "<group>"; };
		B64013F7198F341C004BC0B5 /* JSObjectionUtils.m */ = {isa = PBXFileReference; fileEncoding = 4; lastKnownFileType = sourcecode.c.objc; path = JSObjectionUtils.m; sourceTree = "<group>"; };
		B64013F8198F341C004BC0B5 /* NSObject+Objection.h */ = {isa = PBXFileReference; fileEncoding = 4; lastKnownFileType = sourcecode.c.h; path = "NSObject+Objection.h"; sourceTree = "<group>"; };
		B64013F9198F341C004BC0B5 /* NSObject+Objection.m */ = {isa = PBXFileReference; fileEncoding = 4; lastKnownFileType = sourcecode.c.objc; path = "NSObject+Objection.m"; sourceTree = "<group>"; };
		B64013FA198F341C004BC0B5 /* Objection.h */ = {isa = PBXFileReference; fileEncoding = 4; lastKnownFileType = sourcecode.c.h; path = Objection.h; sourceTree = "<group>"; };
		B6401406198F3445004BC0B5 /* CRMModelProtocols.h */ = {isa = PBXFileReference; fileEncoding = 4; lastKnownFileType = sourcecode.c.h; path = CRMModelProtocols.h; sourceTree = "<group>"; };
		B6401407198F35BB004BC0B5 /* FirstModule.h */ = {isa = PBXFileReference; fileEncoding = 4; lastKnownFileType = sourcecode.c.h; path = FirstModule.h; sourceTree = "<group>"; };
		B6401408198F35BB004BC0B5 /* FirstModule.m */ = {isa = PBXFileReference; fileEncoding = 4; lastKnownFileType = sourcecode.c.objc; path = FirstModule.m; sourceTree = "<group>"; };
		B64016C5198F8F0E004BC0B5 /* libcrmDemoStaticLibery.a */ = {isa = PBXFileReference; explicitFileType = archive.ar; includeInIndex = 0; path = libcrmDemoStaticLibery.a; sourceTree = BUILT_PRODUCTS_DIR; };
		B64016C9198F8F0E004BC0B5 /* crmDemoStaticLibery-Prefix.pch */ = {isa = PBXFileReference; lastKnownFileType = sourcecode.c.h; path = "crmDemoStaticLibery-Prefix.pch"; sourceTree = "<group>"; };
		B64016CA198F8F0E004BC0B5 /* crmDemoStaticLibery.h */ = {isa = PBXFileReference; lastKnownFileType = sourcecode.c.h; path = crmDemoStaticLibery.h; sourceTree = "<group>"; };
		B64016CC198F8F0E004BC0B5 /* crmDemoStaticLibery.m */ = {isa = PBXFileReference; lastKnownFileType = sourcecode.c.objc; path = crmDemoStaticLibery.m; sourceTree = "<group>"; };
		B64016D2198F8F0E004BC0B5 /* crmDemoStaticLiberyTests.xctest */ = {isa = PBXFileReference; explicitFileType = wrapper.cfbundle; includeInIndex = 0; path = crmDemoStaticLiberyTests.xctest; sourceTree = BUILT_PRODUCTS_DIR; };
		B64016DB198F8F0E004BC0B5 /* crmDemoStaticLiberyTests-Info.plist */ = {isa = PBXFileReference; lastKnownFileType = text.plist.xml; path = "crmDemoStaticLiberyTests-Info.plist"; sourceTree = "<group>"; };
		B64016DD198F8F0E004BC0B5 /* en */ = {isa = PBXFileReference; lastKnownFileType = text.plist.strings; name = en; path = en.lproj/InfoPlist.strings; sourceTree = "<group>"; };
		B64016DF198F8F0E004BC0B5 /* crmDemoStaticLiberyTests.m */ = {isa = PBXFileReference; lastKnownFileType = sourcecode.c.objc; path = crmDemoStaticLiberyTests.m; sourceTree = "<group>"; };
		B65B0727199B843D009A417C /* libminxingAPI.a */ = {isa = PBXFileReference; lastKnownFileType = archive.ar; name = libminxingAPI.a; path = crmDemo/libminxingAPI.a; sourceTree = "<group>"; };
		B65B0728199B843D009A417C /* minxingAPI.h */ = {isa = PBXFileReference; fileEncoding = 4; lastKnownFileType = sourcecode.c.h; name = minxingAPI.h; path = crmDemo/minxingAPI.h; sourceTree = "<group>"; };
/* End PBXFileReference section */

/* Begin PBXFrameworksBuildPhase section */
		B64013AD198F33B8004BC0B5 /* Frameworks */ = {
			isa = PBXFrameworksBuildPhase;
			buildActionMask = 2147483647;
			files = (
				B64013B6198F33B8004BC0B5 /* CoreGraphics.framework in Frameworks */,
				B65B0729199B843D009A417C /* libminxingAPI.a in Frameworks */,
				B64013B8198F33B8004BC0B5 /* UIKit.framework in Frameworks */,
				B64013B4198F33B8004BC0B5 /* Foundation.framework in Frameworks */,
			);
			runOnlyForDeploymentPostprocessing = 0;
		};
		B64013C8198F33B8004BC0B5 /* Frameworks */ = {
			isa = PBXFrameworksBuildPhase;
			buildActionMask = 2147483647;
			files = (
				B64013CD198F33B8004BC0B5 /* XCTest.framework in Frameworks */,
				B64013CF198F33B8004BC0B5 /* UIKit.framework in Frameworks */,
				B64013CE198F33B8004BC0B5 /* Foundation.framework in Frameworks */,
			);
			runOnlyForDeploymentPostprocessing = 0;
		};
		B64016C2198F8F0E004BC0B5 /* Frameworks */ = {
			isa = PBXFrameworksBuildPhase;
			buildActionMask = 2147483647;
			files = (
				B64016C6198F8F0E004BC0B5 /* Foundation.framework in Frameworks */,
			);
			runOnlyForDeploymentPostprocessing = 0;
		};
		B64016CF198F8F0E004BC0B5 /* Frameworks */ = {
			isa = PBXFrameworksBuildPhase;
			buildActionMask = 2147483647;
			files = (
				B64016D8198F8F0E004BC0B5 /* libcrmDemoStaticLibery.a in Frameworks */,
				B64016D3198F8F0E004BC0B5 /* XCTest.framework in Frameworks */,
				B64016D5198F8F0E004BC0B5 /* UIKit.framework in Frameworks */,
				B64016D4198F8F0E004BC0B5 /* Foundation.framework in Frameworks */,
			);
			runOnlyForDeploymentPostprocessing = 0;
		};
/* End PBXFrameworksBuildPhase section */

/* Begin PBXGroup section */
		B64013A7198F33B8004BC0B5 = {
			isa = PBXGroup;
			children = (
				B64013B9198F33B8004BC0B5 /* crmDemo */,
				B64013D2198F33B8004BC0B5 /* crmDemoTests */,
				B64016C7198F8F0E004BC0B5 /* crmDemoStaticLibery */,
				B64016D9198F8F0E004BC0B5 /* crmDemoStaticLiberyTests */,
				B64013B2198F33B8004BC0B5 /* Frameworks */,
				B64013B1198F33B8004BC0B5 /* Products */,
			);
			sourceTree = "<group>";
		};
		B64013B1198F33B8004BC0B5 /* Products */ = {
			isa = PBXGroup;
			children = (
				B64013B0198F33B8004BC0B5 /* crmDemo.app */,
				B64013CB198F33B8004BC0B5 /* crmDemoTests.xctest */,
				B64016C5198F8F0E004BC0B5 /* libcrmDemoStaticLibery.a */,
				B64016D2198F8F0E004BC0B5 /* crmDemoStaticLiberyTests.xctest */,
			);
			name = Products;
			sourceTree = "<group>";
		};
		B64013B2198F33B8004BC0B5 /* Frameworks */ = {
			isa = PBXGroup;
			children = (
				B65B0727199B843D009A417C /* libminxingAPI.a */,
				B65B0728199B843D009A417C /* minxingAPI.h */,
				B64013B3198F33B8004BC0B5 /* Foundation.framework */,
				B64013B5198F33B8004BC0B5 /* CoreGraphics.framework */,
				B64013B7198F33B8004BC0B5 /* UIKit.framework */,
				B64013CC198F33B8004BC0B5 /* XCTest.framework */,
			);
			name = Frameworks;
			sourceTree = "<group>";
		};
		B64013B9198F33B8004BC0B5 /* crmDemo */ = {
			isa = PBXGroup;
			children = (
				B6401405198F3445004BC0B5 /* protocols */,
				B64013E5198F341C004BC0B5 /* Objection */,
				B64013C2198F33B8004BC0B5 /* AppDelegate.h */,
				B64013C3198F33B8004BC0B5 /* AppDelegate.m */,
				B64013C5198F33B8004BC0B5 /* Images.xcassets */,
				B64013BA198F33B8004BC0B5 /* Supporting Files */,
				B64013E2198F33DD004BC0B5 /* FirstViewController.h */,
				B64013E3198F33DD004BC0B5 /* FirstViewController.m */,
				B6401407198F35BB004BC0B5 /* FirstModule.h */,
				B6401408198F35BB004BC0B5 /* FirstModule.m */,
			);
			path = crmDemo;
			sourceTree = "<group>";
		};
		B64013BA198F33B8004BC0B5 /* Supporting Files */ = {
			isa = PBXGroup;
			children = (
				B64013BB198F33B8004BC0B5 /* crmDemo-Info.plist */,
				B64013BC198F33B8004BC0B5 /* InfoPlist.strings */,
				B64013BF198F33B8004BC0B5 /* main.m */,
				B64013C1198F33B8004BC0B5 /* crmDemo-Prefix.pch */,
			);
			name = "Supporting Files";
			sourceTree = "<group>";
		};
		B64013D2198F33B8004BC0B5 /* crmDemoTests */ = {
			isa = PBXGroup;
			children = (
				B64013D8198F33B8004BC0B5 /* crmDemoTests.m */,
				B64013D3198F33B8004BC0B5 /* Supporting Files */,
			);
			path = crmDemoTests;
			sourceTree = "<group>";
		};
		B64013D3198F33B8004BC0B5 /* Supporting Files */ = {
			isa = PBXGroup;
			children = (
				B64013D4198F33B8004BC0B5 /* crmDemoTests-Info.plist */,
				B64013D5198F33B8004BC0B5 /* InfoPlist.strings */,
			);
			name = "Supporting Files";
			sourceTree = "<group>";
		};
		B64013E5198F341C004BC0B5 /* Objection */ = {
			isa = PBXGroup;
			children = (
				B64013E6198F341C004BC0B5 /* JSObjectFactory.h */,
				B64013E7198F341C004BC0B5 /* JSObjectFactory.m */,
				B64013E8198F341C004BC0B5 /* JSObjection.h */,
				B64013E9198F341C004BC0B5 /* JSObjection.m */,
				B64013EA198F341C004BC0B5 /* JSObjectionBindingEntry.h */,
				B64013EB198F341C004BC0B5 /* JSObjectionBindingEntry.m */,
				B64013EC198F341C004BC0B5 /* JSObjectionEntry.h */,
				B64013ED198F341C004BC0B5 /* JSObjectionEntry.m */,
				B64013EE198F341C004BC0B5 /* JSObjectionInjector.h */,
				B64013EF198F341C004BC0B5 /* JSObjectionInjector.m */,
				B64013F0198F341C004BC0B5 /* JSObjectionInjectorEntry.h */,
				B64013F1198F341C004BC0B5 /* JSObjectionInjectorEntry.m */,
				B64013F2198F341C004BC0B5 /* JSObjectionModule.h */,
				B64013F3198F341C004BC0B5 /* JSObjectionModule.m */,
				B64013F4198F341C004BC0B5 /* JSObjectionProviderEntry.h */,
				B64013F5198F341C004BC0B5 /* JSObjectionProviderEntry.m */,
				B64013F6198F341C004BC0B5 /* JSObjectionUtils.h */,
				B64013F7198F341C004BC0B5 /* JSObjectionUtils.m */,
				B64013F8198F341C004BC0B5 /* NSObject+Objection.h */,
				B64013F9198F341C004BC0B5 /* NSObject+Objection.m */,
				B64013FA198F341C004BC0B5 /* Objection.h */,
			);
			path = Objection;
			sourceTree = "<group>";
		};
		B6401405198F3445004BC0B5 /* protocols */ = {
			isa = PBXGroup;
			children = (
				B6401406198F3445004BC0B5 /* CRMModelProtocols.h */,
			);
			path = protocols;
			sourceTree = "<group>";
		};
		B64016C7198F8F0E004BC0B5 /* crmDemoStaticLibery */ = {
			isa = PBXGroup;
			children = (
				B64016CA198F8F0E004BC0B5 /* crmDemoStaticLibery.h */,
				B64016CC198F8F0E004BC0B5 /* crmDemoStaticLibery.m */,
				B64016C8198F8F0E004BC0B5 /* Supporting Files */,
			);
			path = crmDemoStaticLibery;
			sourceTree = "<group>";
		};
		B64016C8198F8F0E004BC0B5 /* Supporting Files */ = {
			isa = PBXGroup;
			children = (
				B64016C9198F8F0E004BC0B5 /* crmDemoStaticLibery-Prefix.pch */,
			);
			name = "Supporting Files";
			sourceTree = "<group>";
		};
		B64016D9198F8F0E004BC0B5 /* crmDemoStaticLiberyTests */ = {
			isa = PBXGroup;
			children = (
				B64016DF198F8F0E004BC0B5 /* crmDemoStaticLiberyTests.m */,
				B64016DA198F8F0E004BC0B5 /* Supporting Files */,
			);
			path = crmDemoStaticLiberyTests;
			sourceTree = "<group>";
		};
		B64016DA198F8F0E004BC0B5 /* Supporting Files */ = {
			isa = PBXGroup;
			children = (
				B64016DB198F8F0E004BC0B5 /* crmDemoStaticLiberyTests-Info.plist */,
				B64016DC198F8F0E004BC0B5 /* InfoPlist.strings */,
			);
			name = "Supporting Files";
			sourceTree = "<group>";
		};
/* End PBXGroup section */

/* Begin PBXNativeTarget section */
		B64013AF198F33B8004BC0B5 /* crmDemo */ = {
			isa = PBXNativeTarget;
			buildConfigurationList = B64013DC198F33B8004BC0B5 /* Build configuration list for PBXNativeTarget "crmDemo" */;
			buildPhases = (
				B64013AC198F33B8004BC0B5 /* Sources */,
				B64013AD198F33B8004BC0B5 /* Frameworks */,
				B64013AE198F33B8004BC0B5 /* Resources */,
			);
			buildRules = (
			);
			dependencies = (
			);
			name = crmDemo;
			productName = crmDemo;
			productReference = B64013B0198F33B8004BC0B5 /* crmDemo.app */;
			productType = "com.apple.product-type.application";
		};
		B64013CA198F33B8004BC0B5 /* crmDemoTests */ = {
			isa = PBXNativeTarget;
			buildConfigurationList = B64013DF198F33B8004BC0B5 /* Build configuration list for PBXNativeTarget "crmDemoTests" */;
			buildPhases = (
				B64013C7198F33B8004BC0B5 /* Sources */,
				B64013C8198F33B8004BC0B5 /* Frameworks */,
				B64013C9198F33B8004BC0B5 /* Resources */,
			);
			buildRules = (
			);
			dependencies = (
				B64013D1198F33B8004BC0B5 /* PBXTargetDependency */,
			);
			name = crmDemoTests;
			productName = crmDemoTests;
			productReference = B64013CB198F33B8004BC0B5 /* crmDemoTests.xctest */;
			productType = "com.apple.product-type.bundle.unit-test";
		};
		B64016C4198F8F0E004BC0B5 /* crmDemoStaticLibery */ = {
			isa = PBXNativeTarget;
			buildConfigurationList = B64016E5198F8F0E004BC0B5 /* Build configuration list for PBXNativeTarget "crmDemoStaticLibery" */;
			buildPhases = (
				B64016C1198F8F0E004BC0B5 /* Sources */,
				B64016C2198F8F0E004BC0B5 /* Frameworks */,
				B64016C3198F8F0E004BC0B5 /* CopyFiles */,
			);
			buildRules = (
			);
			dependencies = (
			);
			name = crmDemoStaticLibery;
			productName = crmDemoStaticLibery;
			productReference = B64016C5198F8F0E004BC0B5 /* libcrmDemoStaticLibery.a */;
			productType = "com.apple.product-type.library.static";
		};
		B64016D1198F8F0E004BC0B5 /* crmDemoStaticLiberyTests */ = {
			isa = PBXNativeTarget;
			buildConfigurationList = B64016E6198F8F0E004BC0B5 /* Build configuration list for PBXNativeTarget "crmDemoStaticLiberyTests" */;
			buildPhases = (
				B64016CE198F8F0E004BC0B5 /* Sources */,
				B64016CF198F8F0E004BC0B5 /* Frameworks */,
				B64016D0198F8F0E004BC0B5 /* Resources */,
			);
			buildRules = (
			);
			dependencies = (
				B64016D7198F8F0E004BC0B5 /* PBXTargetDependency */,
			);
			name = crmDemoStaticLiberyTests;
			productName = crmDemoStaticLiberyTests;
			productReference = B64016D2198F8F0E004BC0B5 /* crmDemoStaticLiberyTests.xctest */;
			productType = "com.apple.product-type.bundle.unit-test";
		};
/* End PBXNativeTarget section */

/* Begin PBXProject section */
		B64013A8198F33B8004BC0B5 /* Project object */ = {
			isa = PBXProject;
			attributes = {
				LastUpgradeCheck = 0510;
				ORGANIZATIONNAME = minxing;
				TargetAttributes = {
					B64013CA198F33B8004BC0B5 = {
						TestTargetID = B64013AF198F33B8004BC0B5;
					};
					B64016D1198F8F0E004BC0B5 = {
						TestTargetID = B64013AF198F33B8004BC0B5;
					};
				};
			};
			buildConfigurationList = B64013AB198F33B8004BC0B5 /* Build configuration list for PBXProject "crmDemo" */;
			compatibilityVersion = "Xcode 3.2";
			developmentRegion = English;
			hasScannedForEncodings = 0;
			knownRegions = (
				en,
			);
			mainGroup = B64013A7198F33B8004BC0B5;
			productRefGroup = B64013B1198F33B8004BC0B5 /* Products */;
			projectDirPath = "";
			projectRoot = "";
			targets = (
				B64013AF198F33B8004BC0B5 /* crmDemo */,
				B64013CA198F33B8004BC0B5 /* crmDemoTests */,
				B64016C4198F8F0E004BC0B5 /* crmDemoStaticLibery */,
				B64016D1198F8F0E004BC0B5 /* crmDemoStaticLiberyTests */,
			);
		};
/* End PBXProject section */

/* Begin PBXResourcesBuildPhase section */
		B64013AE198F33B8004BC0B5 /* Resources */ = {
			isa = PBXResourcesBuildPhase;
			buildActionMask = 2147483647;
			files = (
				B64013BE198F33B8004BC0B5 /* InfoPlist.strings in Resources */,
				B64013C6198F33B8004BC0B5 /* Images.xcassets in Resources */,
			);
			runOnlyForDeploymentPostprocessing = 0;
		};
		B64013C9198F33B8004BC0B5 /* Resources */ = {
			isa = PBXResourcesBuildPhase;
			buildActionMask = 2147483647;
			files = (
				B64013D7198F33B8004BC0B5 /* InfoPlist.strings in Resources */,
			);
			runOnlyForDeploymentPostprocessing = 0;
		};
		B64016D0198F8F0E004BC0B5 /* Resources */ = {
			isa = PBXResourcesBuildPhase;
			buildActionMask = 2147483647;
			files = (
				B64016DE198F8F0E004BC0B5 /* InfoPlist.strings in Resources */,
			);
			runOnlyForDeploymentPostprocessing = 0;
		};
/* End PBXResourcesBuildPhase section */

/* Begin PBXSourcesBuildPhase section */
		B64013AC198F33B8004BC0B5 /* Sources */ = {
			isa = PBXSourcesBuildPhase;
			buildActionMask = 2147483647;
			files = (
				B6401403198F341C004BC0B5 /* JSObjectionUtils.m in Sources */,
				B64013FF198F341C004BC0B5 /* JSObjectionInjector.m in Sources */,
				B6401404198F341C004BC0B5 /* NSObject+Objection.m in Sources */,
				B6401400198F341C004BC0B5 /* JSObjectionInjectorEntry.m in Sources */,
				B64013FE198F341C004BC0B5 /* JSObjectionEntry.m in Sources */,
				B64013FB198F341C004BC0B5 /* JSObjectFactory.m in Sources */,
				B6401402198F341C004BC0B5 /* JSObjectionProviderEntry.m in Sources */,
				B64013C4198F33B8004BC0B5 /* AppDelegate.m in Sources */,
				B6401409198F35BB004BC0B5 /* FirstModule.m in Sources */,
				B64013E4198F33DD004BC0B5 /* FirstViewController.m in Sources */,
				B64013FD198F341C004BC0B5 /* JSObjectionBindingEntry.m in Sources */,
				B64013C0198F33B8004BC0B5 /* main.m in Sources */,
				B6401401198F341C004BC0B5 /* JSObjectionModule.m in Sources */,
				B64013FC198F341C004BC0B5 /* JSObjection.m in Sources */,
			);
			runOnlyForDeploymentPostprocessing = 0;
		};
		B64013C7198F33B8004BC0B5 /* Sources */ = {
			isa = PBXSourcesBuildPhase;
			buildActionMask = 2147483647;
			files = (
				B64013D9198F33B8004BC0B5 /* crmDemoTests.m in Sources */,
			);
			runOnlyForDeploymentPostprocessing = 0;
		};
		B64016C1198F8F0E004BC0B5 /* Sources */ = {
			isa = PBXSourcesBuildPhase;
			buildActionMask = 2147483647;
			files = (
				B64016CD198F8F0E004BC0B5 /* crmDemoStaticLibery.m in Sources */,
			);
			runOnlyForDeploymentPostprocessing = 0;
		};
		B64016CE198F8F0E004BC0B5 /* Sources */ = {
			isa = PBXSourcesBuildPhase;
			buildActionMask = 2147483647;
			files = (
				B64016E0198F8F0E004BC0B5 /* crmDemoStaticLiberyTests.m in Sources */,
			);
			runOnlyForDeploymentPostprocessing = 0;
		};
/* End PBXSourcesBuildPhase section */

/* Begin PBXTargetDependency section */
		B64013D1198F33B8004BC0B5 /* PBXTargetDependency */ = {
			isa = PBXTargetDependency;
			target = B64013AF198F33B8004BC0B5 /* crmDemo */;
			targetProxy = B64013D0198F33B8004BC0B5 /* PBXContainerItemProxy */;
		};
		B64016D7198F8F0E004BC0B5 /* PBXTargetDependency */ = {
			isa = PBXTargetDependency;
			target = B64016C4198F8F0E004BC0B5 /* crmDemoStaticLibery */;
			targetProxy = B64016D6198F8F0E004BC0B5 /* PBXContainerItemProxy */;
		};
/* End PBXTargetDependency section */

/* Begin PBXVariantGroup section */
		B64013BC198F33B8004BC0B5 /* InfoPlist.strings */ = {
			isa = PBXVariantGroup;
			children = (
				B64013BD198F33B8004BC0B5 /* en */,
			);
			name = InfoPlist.strings;
			sourceTree = "<group>";
		};
		B64013D5198F33B8004BC0B5 /* InfoPlist.strings */ = {
			isa = PBXVariantGroup;
			children = (
				B64013D6198F33B8004BC0B5 /* en */,
			);
			name = InfoPlist.strings;
			sourceTree = "<group>";
		};
		B64016DC198F8F0E004BC0B5 /* InfoPlist.strings */ = {
			isa = PBXVariantGroup;
			children = (
				B64016DD198F8F0E004BC0B5 /* en */,
			);
			name = InfoPlist.strings;
			sourceTree = "<group>";
		};
/* End PBXVariantGroup section */

/* Begin XCBuildConfiguration section */
		B64013DA198F33B8004BC0B5 /* Debug */ = {
			isa = XCBuildConfiguration;
			buildSettings = {
				ALWAYS_SEARCH_USER_PATHS = NO;
				CLANG_CXX_LANGUAGE_STANDARD = "gnu++0x";
				CLANG_CXX_LIBRARY = "libc++";
				CLANG_ENABLE_MODULES = YES;
				CLANG_ENABLE_OBJC_ARC = YES;
				CLANG_WARN_BOOL_CONVERSION = YES;
				CLANG_WARN_CONSTANT_CONVERSION = YES;
				CLANG_WARN_DIRECT_OBJC_ISA_USAGE = YES_ERROR;
				CLANG_WARN_EMPTY_BODY = YES;
				CLANG_WARN_ENUM_CONVERSION = YES;
				CLANG_WARN_INT_CONVERSION = YES;
				CLANG_WARN_OBJC_ROOT_CLASS = YES_ERROR;
				CLANG_WARN__DUPLICATE_METHOD_MATCH = YES;
				"CODE_SIGN_IDENTITY[sdk=iphoneos*]" = "iPhone Developer";
				COPY_PHASE_STRIP = NO;
				GCC_C_LANGUAGE_STANDARD = gnu99;
				GCC_DYNAMIC_NO_PIC = NO;
				GCC_OPTIMIZATION_LEVEL = 0;
				GCC_PREPROCESSOR_DEFINITIONS = (
					"DEBUG=1",
					"$(inherited)",
				);
				GCC_SYMBOLS_PRIVATE_EXTERN = NO;
				GCC_WARN_64_TO_32_BIT_CONVERSION = YES;
				GCC_WARN_ABOUT_RETURN_TYPE = YES_ERROR;
				GCC_WARN_UNDECLARED_SELECTOR = YES;
				GCC_WARN_UNINITIALIZED_AUTOS = YES_AGGRESSIVE;
				GCC_WARN_UNUSED_FUNCTION = YES;
				GCC_WARN_UNUSED_VARIABLE = YES;
				IPHONEOS_DEPLOYMENT_TARGET = 7.1;
				ONLY_ACTIVE_ARCH = YES;
				SDKROOT = iphoneos;
			};
			name = Debug;
		};
		B64013DB198F33B8004BC0B5 /* Release */ = {
			isa = XCBuildConfiguration;
			buildSettings = {
				ALWAYS_SEARCH_USER_PATHS = NO;
				CLANG_CXX_LANGUAGE_STANDARD = "gnu++0x";
				CLANG_CXX_LIBRARY = "libc++";
				CLANG_ENABLE_MODULES = YES;
				CLANG_ENABLE_OBJC_ARC = YES;
				CLANG_WARN_BOOL_CONVERSION = YES;
				CLANG_WARN_CONSTANT_CONVERSION = YES;
				CLANG_WARN_DIRECT_OBJC_ISA_USAGE = YES_ERROR;
				CLANG_WARN_EMPTY_BODY = YES;
				CLANG_WARN_ENUM_CONVERSION = YES;
				CLANG_WARN_INT_CONVERSION = YES;
				CLANG_WARN_OBJC_ROOT_CLASS = YES_ERROR;
				CLANG_WARN__DUPLICATE_METHOD_MATCH = YES;
				"CODE_SIGN_IDENTITY[sdk=iphoneos*]" = "iPhone Developer";
				COPY_PHASE_STRIP = YES;
				ENABLE_NS_ASSERTIONS = NO;
				GCC_C_LANGUAGE_STANDARD = gnu99;
				GCC_WARN_64_TO_32_BIT_CONVERSION = YES;
				GCC_WARN_ABOUT_RETURN_TYPE = YES_ERROR;
				GCC_WARN_UNDECLARED_SELECTOR = YES;
				GCC_WARN_UNINITIALIZED_AUTOS = YES_AGGRESSIVE;
				GCC_WARN_UNUSED_FUNCTION = YES;
				GCC_WARN_UNUSED_VARIABLE = YES;
				IPHONEOS_DEPLOYMENT_TARGET = 7.1;
				SDKROOT = iphoneos;
				VALIDATE_PRODUCT = YES;
			};
			name = Release;
		};
		B64013DD198F33B8004BC0B5 /* Debug */ = {
			isa = XCBuildConfiguration;
			buildSettings = {
				ASSETCATALOG_COMPILER_APPICON_NAME = AppIcon;
				ASSETCATALOG_COMPILER_LAUNCHIMAGE_NAME = LaunchImage;
				GCC_PRECOMPILE_PREFIX_HEADER = YES;
				GCC_PREFIX_HEADER = "crmDemo/crmDemo-Prefix.pch";
				HEADER_SEARCH_PATHS = (
					"$(inherited)",
					/Applications/Xcode.app/Contents/Developer/Toolchains/XcodeDefault.xctoolchain/usr/include,
					./crmDemo/protocols,
				);
				INFOPLIST_FILE = "crmDemo/crmDemo-Info.plist";
				LIBRARY_SEARCH_PATHS = (
					"$(inherited)",
					"$(PROJECT_DIR)/crmDemo",
				);
				PRODUCT_NAME = "$(TARGET_NAME)";
				WRAPPER_EXTENSION = app;
			};
			name = Debug;
		};
		B64013DE198F33B8004BC0B5 /* Release */ = {
			isa = XCBuildConfiguration;
			buildSettings = {
				ASSETCATALOG_COMPILER_APPICON_NAME = AppIcon;
				ASSETCATALOG_COMPILER_LAUNCHIMAGE_NAME = LaunchImage;
				GCC_PRECOMPILE_PREFIX_HEADER = YES;
				GCC_PREFIX_HEADER = "crmDemo/crmDemo-Prefix.pch";
				HEADER_SEARCH_PATHS = (
					"$(inherited)",
					/Applications/Xcode.app/Contents/Developer/Toolchains/XcodeDefault.xctoolchain/usr/include,
					./crmDemo/protocols,
				);
				INFOPLIST_FILE = "crmDemo/crmDemo-Info.plist";
				LIBRARY_SEARCH_PATHS = (
					"$(inherited)",
					"$(PROJECT_DIR)/crmDemo",
				);
				PRODUCT_NAME = "$(TARGET_NAME)";
				WRAPPER_EXTENSION = app;
			};
			name = Release;
		};
		B64013E0198F33B8004BC0B5 /* Debug */ = {
			isa = XCBuildConfiguration;
			buildSettings = {
				BUNDLE_LOADER = "$(BUILT_PRODUCTS_DIR)/crmDemo.app/crmDemo";
				FRAMEWORK_SEARCH_PATHS = (
					"$(SDKROOT)/Developer/Library/Frameworks",
					"$(inherited)",
					"$(DEVELOPER_FRAMEWORKS_DIR)",
				);
				GCC_PRECOMPILE_PREFIX_HEADER = YES;
				GCC_PREFIX_HEADER = "crmDemo/crmDemo-Prefix.pch";
				GCC_PREPROCESSOR_DEFINITIONS = (
					"DEBUG=1",
					"$(inherited)",
				);
				INFOPLIST_FILE = "crmDemoTests/crmDemoTests-Info.plist";
				PRODUCT_NAME = "$(TARGET_NAME)";
				TEST_HOST = "$(BUNDLE_LOADER)";
				WRAPPER_EXTENSION = xctest;
			};
			name = Debug;
		};
		B64013E1198F33B8004BC0B5 /* Release */ = {
			isa = XCBuildConfiguration;
			buildSettings = {
				BUNDLE_LOADER = "$(BUILT_PRODUCTS_DIR)/crmDemo.app/crmDemo";
				FRAMEWORK_SEARCH_PATHS = (
					"$(SDKROOT)/Developer/Library/Frameworks",
					"$(inherited)",
					"$(DEVELOPER_FRAMEWORKS_DIR)",
				);
				GCC_PRECOMPILE_PREFIX_HEADER = YES;
				GCC_PREFIX_HEADER = "crmDemo/crmDemo-Prefix.pch";
				INFOPLIST_FILE = "crmDemoTests/crmDemoTests-Info.plist";
				PRODUCT_NAME = "$(TARGET_NAME)";
				TEST_HOST = "$(BUNDLE_LOADER)";
				WRAPPER_EXTENSION = xctest;
			};
			name = Release;
		};
		B64016E1198F8F0E004BC0B5 /* Debug */ = {
			isa = XCBuildConfiguration;
			buildSettings = {
				DSTROOT = /tmp/crmDemoStaticLibery.dst;
				GCC_PRECOMPILE_PREFIX_HEADER = YES;
				GCC_PREFIX_HEADER = "crmDemoStaticLibery/crmDemoStaticLibery-Prefix.pch";
				GCC_PREPROCESSOR_DEFINITIONS = (
					"DEBUG=1",
					"$(inherited)",
				);
				OTHER_LDFLAGS = "-ObjC";
				PRODUCT_NAME = "$(TARGET_NAME)";
				SKIP_INSTALL = YES;
			};
			name = Debug;
		};
		B64016E2198F8F0E004BC0B5 /* Release */ = {
			isa = XCBuildConfiguration;
			buildSettings = {
				DSTROOT = /tmp/crmDemoStaticLibery.dst;
				GCC_PRECOMPILE_PREFIX_HEADER = YES;
				GCC_PREFIX_HEADER = "crmDemoStaticLibery/crmDemoStaticLibery-Prefix.pch";
				OTHER_LDFLAGS = "-ObjC";
				PRODUCT_NAME = "$(TARGET_NAME)";
				SKIP_INSTALL = YES;
			};
			name = Release;
		};
		B64016E3198F8F0E004BC0B5 /* Debug */ = {
			isa = XCBuildConfiguration;
			buildSettings = {
				BUNDLE_LOADER = "$(BUILT_PRODUCTS_DIR)/crmDemo.app/crmDemo";
				FRAMEWORK_SEARCH_PATHS = (
					"$(SDKROOT)/Developer/Library/Frameworks",
					"$(inherited)",
					"$(DEVELOPER_FRAMEWORKS_DIR)",
				);
				GCC_PRECOMPILE_PREFIX_HEADER = YES;
				GCC_PREFIX_HEADER = "crmDemoStaticLibery/crmDemoStaticLibery-Prefix.pch";
				GCC_PREPROCESSOR_DEFINITIONS = (
					"DEBUG=1",
					"$(inherited)",
				);
				INFOPLIST_FILE = "crmDemoStaticLiberyTests/crmDemoStaticLiberyTests-Info.plist";
				PRODUCT_NAME = "$(TARGET_NAME)";
				TEST_HOST = "$(BUNDLE_LOADER)";
				WRAPPER_EXTENSION = xctest;
			};
			name = Debug;
		};
		B64016E4198F8F0E004BC0B5 /* Release */ = {
			isa = XCBuildConfiguration;
			buildSettings = {
				BUNDLE_LOADER = "$(BUILT_PRODUCTS_DIR)/crmDemo.app/crmDemo";
				FRAMEWORK_SEARCH_PATHS = (
					"$(SDKROOT)/Developer/Library/Frameworks",
					"$(inherited)",
					"$(DEVELOPER_FRAMEWORKS_DIR)",
				);
				GCC_PRECOMPILE_PREFIX_HEADER = YES;
				GCC_PREFIX_HEADER = "crmDemoStaticLibery/crmDemoStaticLibery-Prefix.pch";
				INFOPLIST_FILE = "crmDemoStaticLiberyTests/crmDemoStaticLiberyTests-Info.plist";
				PRODUCT_NAME = "$(TARGET_NAME)";
				TEST_HOST = "$(BUNDLE_LOADER)";
				WRAPPER_EXTENSION = xctest;
			};
			name = Release;
		};
/* End XCBuildConfiguration section */

/* Begin XCConfigurationList section */
		B64013AB198F33B8004BC0B5 /* Build configuration list for PBXProject "crmDemo" */ = {
			isa = XCConfigurationList;
			buildConfigurations = (
				B64013DA198F33B8004BC0B5 /* Debug */,
				B64013DB198F33B8004BC0B5 /* Release */,
			);
			defaultConfigurationIsVisible = 0;
			defaultConfigurationName = Release;
		};
		B64013DC198F33B8004BC0B5 /* Build configuration list for PBXNativeTarget "crmDemo" */ = {
			isa = XCConfigurationList;
			buildConfigurations = (
				B64013DD198F33B8004BC0B5 /* Debug */,
				B64013DE198F33B8004BC0B5 /* Release */,
			);
			defaultConfigurationIsVisible = 0;
			defaultConfigurationName = Release;
		};
		B64013DF198F33B8004BC0B5 /* Build configuration list for PBXNativeTarget "crmDemoTests" */ = {
			isa = XCConfigurationList;
			buildConfigurations = (
				B64013E0198F33B8004BC0B5 /* Debug */,
				B64013E1198F33B8004BC0B5 /* Release */,
			);
			defaultConfigurationIsVisible = 0;
			defaultConfigurationName = Release;
		};
		B64016E5198F8F0E004BC0B5 /* Build configuration list for PBXNativeTarget "crmDemoStaticLibery" */ = {
			isa = XCConfigurationList;
			buildConfigurations = (
				B64016E1198F8F0E004BC0B5 /* Debug */,
				B64016E2198F8F0E004BC0B5 /* Release */,
			);
			defaultConfigurationIsVisible = 0;
			defaultConfigurationName = Release;
		};
		B64016E6198F8F0E004BC0B5 /* Build configuration list for PBXNativeTarget "crmDemoStaticLiberyTests" */ = {
			isa = XCConfigurationList;
			buildConfigurations = (
				B64016E3198F8F0E004BC0B5 /* Debug */,
				B64016E4198F8F0E004BC0B5 /* Release */,
			);
			defaultConfigurationIsVisible = 0;
			defaultConfigurationName = Release;
		};
/* End XCConfigurationList section */
	};
	rootObject = B64013A8198F33B8004BC0B5 /* Project object */;
}
